
Microsoft Visual Studio Solution File, Format Version 12.00
# Visual Studio Version 17
VisualStudioVersion = 17.0.32014.148
MinimumVisualStudioVersion = 10.0.40219.1
Project("{FAE04EC0-301F-11D3-BF4B-00C04F79EFBC}") = "ExerciciosCodeWars", "ExerciciosCodeWars.csproj", "{9542C226-339A-4E4B-A25B-1CE2C48827C4}"
EndProject
Global
	GlobalSection(SolutionConfigurationPlatforms) = preSolution
		Debug|Any CPU = Debug|Any CPU
		Release|Any CPU = Release|Any CPU
	EndGlobalSection
	GlobalSection(ProjectConfigurationPlatforms) = postSolution
		{9542C226-339A-4E4B-A25B-1CE2C48827C4}.Debug|Any CPU.ActiveCfg = Debug|Any CPU
		{9542C226-339A-4E4B-A25B-1CE2C48827C4}.Debug|Any CPU.Build.0 = Debug|Any CPU
		{9542C226-339A-4E4B-A25B-1CE2C48827C4}.Release|Any CPU.ActiveCfg = Release|Any CPU
		{9542C226-339A-4E4B-A25B-1CE2C48827C4}.Release|Any CPU.Build.0 = Release|Any CPU
	EndGlobalSection
	GlobalSection(SolutionProperties) = preSolution
		HideSolutionNode = FALSE
	EndGlobalSection
	GlobalSection(ExtensibilityGlobals) = postSolution
		SolutionGuid = {A2A0B088-E063-4949-A27C-88DB1F2D5372}
	EndGlobalSection
EndGlobal
